
Microsoft Visual Studio Solution File, Format Version 12.00
# Visual Studio Version 16
VisualStudioVersion = 16.0.30114.105
MinimumVisualStudioVersion = 10.0.40219.1
Project("{2150E333-8FDC-42A3-9474-1A3956D46DE8}") = "src", "src", "{2BE558E9-335F-4AB8-B99C-7939114D1FD8}"
EndProject
Project("{2150E333-8FDC-42A3-9474-1A3956D46DE8}") = "test", "test", "{2555A760-A415-4F37-987B-921F2A4C924E}"
EndProject
Project("{2150E333-8FDC-42A3-9474-1A3956D46DE8}") = "API", "API", "{B94ECF89-267B-4DB8-BED9-D032F11B73DF}"
EndProject
Project("{2150E333-8FDC-42A3-9474-1A3956D46DE8}") = "Core", "Core", "{BC9E9425-17FC-44A1-B433-EC9B3DE2D95E}"
EndProject
Project("{2150E333-8FDC-42A3-9474-1A3956D46DE8}") = "UI", "UI", "{A25209CE-5CDD-4C47-BC2D-777B3C805955}"
EndProject
Project("{2150E333-8FDC-42A3-9474-1A3956D46DE8}") = "Infrastrucrutre", "Infrastrucrutre", "{4392FC52-3581-4826-ACC8-6BEAE6C2AADD}"
EndProject
Project("{9A19103F-16F7-4668-BE54-9A1E7A4F7556}") = "GloboTicket.TicketManagement.Domain", "GloboTicket.TicketManagent.Domain\GloboTicket.TicketManagement.Domain.csproj", "{EA13087B-1C7D-4653-8114-91544B813ADC}"
EndProject
Project("{FAE04EC0-301F-11D3-BF4B-00C04F79EFBC}") = "GloboTicket.TicketManagement.Application", "GloboTicket.TicketManagement.Application\GloboTicket.TicketManagement.Application.csproj", "{70EABC7A-F43D-46AE-9C52-00FF1791D7C2}"
EndProject
Global
	GlobalSection(SolutionConfigurationPlatforms) = preSolution
		Debug|Any CPU = Debug|Any CPU
		Debug|x64 = Debug|x64
		Debug|x86 = Debug|x86
		Release|Any CPU = Release|Any CPU
		Release|x64 = Release|x64
		Release|x86 = Release|x86
	EndGlobalSection
	GlobalSection(ProjectConfigurationPlatforms) = postSolution
		{EA13087B-1C7D-4653-8114-91544B813ADC}.Debug|Any CPU.ActiveCfg = Debug|Any CPU
		{EA13087B-1C7D-4653-8114-91544B813ADC}.Debug|Any CPU.Build.0 = Debug|Any CPU
		{EA13087B-1C7D-4653-8114-91544B813ADC}.Debug|x64.ActiveCfg = Debug|Any CPU
		{EA13087B-1C7D-4653-8114-91544B813ADC}.Debug|x64.Build.0 = Debug|Any CPU
		{EA13087B-1C7D-4653-8114-91544B813ADC}.Debug|x86.ActiveCfg = Debug|Any CPU
		{EA13087B-1C7D-4653-8114-91544B813ADC}.Debug|x86.Build.0 = Debug|Any CPU
		{EA13087B-1C7D-4653-8114-91544B813ADC}.Release|Any CPU.ActiveCfg = Release|Any CPU
		{EA13087B-1C7D-4653-8114-91544B813ADC}.Release|Any CPU.Build.0 = Release|Any CPU
		{EA13087B-1C7D-4653-8114-91544B813ADC}.Release|x64.ActiveCfg = Release|Any CPU
		{EA13087B-1C7D-4653-8114-91544B813ADC}.Release|x64.Build.0 = Release|Any CPU
		{EA13087B-1C7D-4653-8114-91544B813ADC}.Release|x86.ActiveCfg = Release|Any CPU
		{EA13087B-1C7D-4653-8114-91544B813ADC}.Release|x86.Build.0 = Release|Any CPU
		{70EABC7A-F43D-46AE-9C52-00FF1791D7C2}.Debug|Any CPU.ActiveCfg = Debug|Any CPU
		{70EABC7A-F43D-46AE-9C52-00FF1791D7C2}.Debug|Any CPU.Build.0 = Debug|Any CPU
		{70EABC7A-F43D-46AE-9C52-00FF1791D7C2}.Debug|x64.ActiveCfg = Debug|Any CPU
		{70EABC7A-F43D-46AE-9C52-00FF1791D7C2}.Debug|x64.Build.0 = Debug|Any CPU
		{70EABC7A-F43D-46AE-9C52-00FF1791D7C2}.Debug|x86.ActiveCfg = Debug|Any CPU
		{70EABC7A-F43D-46AE-9C52-00FF1791D7C2}.Debug|x86.Build.0 = Debug|Any CPU
		{70EABC7A-F43D-46AE-9C52-00FF1791D7C2}.Release|Any CPU.ActiveCfg = Release|Any CPU
		{70EABC7A-F43D-46AE-9C52-00FF1791D7C2}.Release|Any CPU.Build.0 = Release|Any CPU
		{70EABC7A-F43D-46AE-9C52-00FF1791D7C2}.Release|x64.ActiveCfg = Release|Any CPU
		{70EABC7A-F43D-46AE-9C52-00FF1791D7C2}.Release|x64.Build.0 = Release|Any CPU
		{70EABC7A-F43D-46AE-9C52-00FF1791D7C2}.Release|x86.ActiveCfg = Release|Any CPU
		{70EABC7A-F43D-46AE-9C52-00FF1791D7C2}.Release|x86.Build.0 = Release|Any CPU
	EndGlobalSection
	GlobalSection(SolutionProperties) = preSolution
		HideSolutionNode = FALSE
	EndGlobalSection
	GlobalSection(NestedProjects) = preSolution
		{B94ECF89-267B-4DB8-BED9-D032F11B73DF} = {2BE558E9-335F-4AB8-B99C-7939114D1FD8}
		{BC9E9425-17FC-44A1-B433-EC9B3DE2D95E} = {2BE558E9-335F-4AB8-B99C-7939114D1FD8}
		{A25209CE-5CDD-4C47-BC2D-777B3C805955} = {2BE558E9-335F-4AB8-B99C-7939114D1FD8}
		{4392FC52-3581-4826-ACC8-6BEAE6C2AADD} = {2BE558E9-335F-4AB8-B99C-7939114D1FD8}
		{EA13087B-1C7D-4653-8114-91544B813ADC} = {BC9E9425-17FC-44A1-B433-EC9B3DE2D95E}
		{70EABC7A-F43D-46AE-9C52-00FF1791D7C2} = {BC9E9425-17FC-44A1-B433-EC9B3DE2D95E}
	EndGlobalSection
	GlobalSection(ExtensibilityGlobals) = postSolution
		SolutionGuid = {14CC8C6A-E858-4A59-9AC1-B57C93E09175}
	EndGlobalSection
EndGlobal
